
Microsoft Visual Studio Solution File, Format Version 12.00
# Visual Studio Version 17
VisualStudioVersion = 17.10.35004.147
MinimumVisualStudioVersion = 10.0.40219.1
Project("{FAE04EC0-301F-11D3-BF4B-00C04F79EFBC}") = "mmm", "mmm\mmm.csproj", "{AB2DB437-694E-4C3F-8537-AAD68CD9AE53}"
EndProject
Global
	GlobalSection(SolutionConfigurationPlatforms) = preSolution
		Debug|Any CPU = Debug|Any CPU
		Release|Any CPU = Release|Any CPU
	EndGlobalSection
	GlobalSection(ProjectConfigurationPlatforms) = postSolution
		{AB2DB437-694E-4C3F-8537-AAD68CD9AE53}.Debug|Any CPU.ActiveCfg = Debug|Any CPU
		{AB2DB437-694E-4C3F-8537-AAD68CD9AE53}.Debug|Any CPU.Build.0 = Debug|Any CPU
		{AB2DB437-694E-4C3F-8537-AAD68CD9AE53}.Release|Any CPU.ActiveCfg = Release|Any CPU
		{AB2DB437-694E-4C3F-8537-AAD68CD9AE53}.Release|Any CPU.Build.0 = Release|Any CPU
	EndGlobalSection
	GlobalSection(SolutionProperties) = preSolution
		HideSolutionNode = FALSE
	EndGlobalSection
	GlobalSection(ExtensibilityGlobals) = postSolution
		SolutionGuid = {DE9D0DA2-FF6D-4734-B3AF-266F8946A481}
	EndGlobalSection
EndGlobal
